
Microsoft Visual Studio Solution File, Format Version 12.00
# Visual Studio Version 17
VisualStudioVersion = 17.8.34322.80
MinimumVisualStudioVersion = 10.0.40219.1
Project("{FAE04EC0-301F-11D3-BF4B-00C04F79EFBC}") = "ElectronicEquipmentApp", "ElectronicEquipmentApp.csproj", "{E7B1C8D0-33B1-4981-9094-9DC6FC0A6C9D}"
EndProject
Global
	GlobalSection(SolutionConfigurationPlatforms) = preSolution
		Debug|Any CPU = Debug|Any CPU
		Release|Any CPU = Release|Any CPU
	EndGlobalSection
	GlobalSection(ProjectConfigurationPlatforms) = postSolution
		{E7B1C8D0-33B1-4981-9094-9DC6FC0A6C9D}.Debug|Any CPU.ActiveCfg = Debug|Any CPU
		{E7B1C8D0-33B1-4981-9094-9DC6FC0A6C9D}.Debug|Any CPU.Build.0 = Debug|Any CPU
		{E7B1C8D0-33B1-4981-9094-9DC6FC0A6C9D}.Release|Any CPU.ActiveCfg = Release|Any CPU
		{E7B1C8D0-33B1-4981-9094-9DC6FC0A6C9D}.Release|Any CPU.Build.0 = Release|Any CPU
	EndGlobalSection
	GlobalSection(SolutionProperties) = preSolution
		HideSolutionNode = FALSE
	EndGlobalSection
	GlobalSection(ExtensibilityGlobals) = postSolution
		SolutionGuid = {97BDBAD5-85F6-4C5F-BE02-2DA9C66E28FF}
	EndGlobalSection
EndGlobal
